// !$*UTF8*$!
{
	archiveVersion = 1;
	classes = {
	};
	objectVersion = 46;
	objects = {

/* Begin PBXBuildFile section */
		0C19B0951796212700926B6C /* GLRaceChipView.m in Sources */ = {isa = PBXBuildFile; fileRef = 0C19B0941796212700926B6C /* GLRaceChipView.m */; };
		0C23905C178D094C005205A3 /* MyHTTPConnection.m in Sources */ = {isa = PBXBuildFile; fileRef = 0C239059178D094C005205A3 /* MyHTTPConnection.m */; };
		0C23905D178D094C005205A3 /* WebSocketLogger.m in Sources */ = {isa = PBXBuildFile; fileRef = 0C23905B178D094C005205A3 /* WebSocketLogger.m */; };
		0C239060178D1154005205A3 /* Web in Resources */ = {isa = PBXBuildFile; fileRef = 0C23905F178D1154005205A3 /* Web */; };
		0C3553A1178DB28C00205835 /* GLCustomLogs.h in Sources */ = {isa = PBXBuildFile; fileRef = 0C3553A0178DB13800205835 /* GLCustomLogs.h */; };
		0C3553A5178DED1F00205835 /* Globals.h in Sources */ = {isa = PBXBuildFile; fileRef = 0C3553A4178DECFA00205835 /* Globals.h */; };
		0C3553AA178E05BB00205835 /* GLModel.m in Sources */ = {isa = PBXBuildFile; fileRef = 0C3553A9178E05BB00205835 /* GLModel.m */; };
		0C48BFF9178BAA0E00D262FC /* GLColorHelper.m in Sources */ = {isa = PBXBuildFile; fileRef = 0C48BFF8178BAA0E00D262FC /* GLColorHelper.m */; };
		0C9572091789FB2C0096CC71 /* UIKit.framework in Frameworks */ = {isa = PBXBuildFile; fileRef = 0C9572081789FB2C0096CC71 /* UIKit.framework */; };
		0C95720B1789FB2C0096CC71 /* Foundation.framework in Frameworks */ = {isa = PBXBuildFile; fileRef = 0C95720A1789FB2C0096CC71 /* Foundation.framework */; };
		0C95720D1789FB2C0096CC71 /* CoreGraphics.framework in Frameworks */ = {isa = PBXBuildFile; fileRef = 0C95720C1789FB2C0096CC71 /* CoreGraphics.framework */; };
		0C9572131789FB2C0096CC71 /* InfoPlist.strings in Resources */ = {isa = PBXBuildFile; fileRef = 0C9572111789FB2C0096CC71 /* InfoPlist.strings */; };
		0C9572151789FB2C0096CC71 /* main.m in Sources */ = {isa = PBXBuildFile; fileRef = 0C9572141789FB2C0096CC71 /* main.m */; };
		0C9572191789FB2C0096CC71 /* GLAppDelegate.m in Sources */ = {isa = PBXBuildFile; fileRef = 0C9572181789FB2C0096CC71 /* GLAppDelegate.m */; };
		0C95721B1789FB2C0096CC71 /* Default.png in Resources */ = {isa = PBXBuildFile; fileRef = 0C95721A1789FB2C0096CC71 /* Default.png */; };
		0C95721D1789FB2C0096CC71 /* Default@2x.png in Resources */ = {isa = PBXBuildFile; fileRef = 0C95721C1789FB2C0096CC71 /* Default@2x.png */; };
		0C95721F1789FB2C0096CC71 /* Default-568h@2x.png in Resources */ = {isa = PBXBuildFile; fileRef = 0C95721E1789FB2C0096CC71 /* Default-568h@2x.png */; };
		0C95722D1789FB2C0096CC71 /* SenTestingKit.framework in Frameworks */ = {isa = PBXBuildFile; fileRef = 0C95722C1789FB2C0096CC71 /* SenTestingKit.framework */; };
		0C95722E1789FB2C0096CC71 /* UIKit.framework in Frameworks */ = {isa = PBXBuildFile; fileRef = 0C9572081789FB2C0096CC71 /* UIKit.framework */; };
		0C95722F1789FB2C0096CC71 /* Foundation.framework in Frameworks */ = {isa = PBXBuildFile; fileRef = 0C95720A1789FB2C0096CC71 /* Foundation.framework */; };
		0C9572371789FB2C0096CC71 /* InfoPlist.strings in Resources */ = {isa = PBXBuildFile; fileRef = 0C9572351789FB2C0096CC71 /* InfoPlist.strings */; };
		0C95723A1789FB2C0096CC71 /* GLHFTVTests.m in Sources */ = {isa = PBXBuildFile; fileRef = 0C9572391789FB2C0096CC71 /* GLHFTVTests.m */; };
		0C957249178A033A0096CC71 /* GLVideosCollectionViewController.m in Sources */ = {isa = PBXBuildFile; fileRef = 0C957248178A033A0096CC71 /* GLVideosCollectionViewController.m */; };
		0C95724F178A04F30096CC71 /* GLVideoCollectionViewCell.m in Sources */ = {isa = PBXBuildFile; fileRef = 0C95724E178A04F30096CC71 /* GLVideoCollectionViewCell.m */; };
		0C957253178A085F0096CC71 /* GLDefaultVideoCollectionViewLayout.m in Sources */ = {isa = PBXBuildFile; fileRef = 0C957252178A085F0096CC71 /* GLDefaultVideoCollectionViewLayout.m */; };
		0C957255178A0B780096CC71 /* GLVideosCollectionViewController.xib in Resources */ = {isa = PBXBuildFile; fileRef = 0C957254178A0B780096CC71 /* GLVideosCollectionViewController.xib */; };
		0CA03E71178CA50F0022B175 /* GLCustomFormatter.m in Sources */ = {isa = PBXBuildFile; fileRef = 0CA03E70178CA50F0022B175 /* GLCustomFormatter.m */; };
		0CD30D071795F0D20017CAA1 /* UIView+GCLibrary.m in Sources */ = {isa = PBXBuildFile; fileRef = 0CD30D061795F0D20017CAA1 /* UIView+GCLibrary.m */; };
		0CD30D0A1795F49B0017CAA1 /* GLFontHelper.m in Sources */ = {isa = PBXBuildFile; fileRef = 0CD30D091795F49B0017CAA1 /* GLFontHelper.m */; };
		0CD30D0D1795F8270017CAA1 /* Avenir.ttc in Resources */ = {isa = PBXBuildFile; fileRef = 0CD30D0C1795F8270017CAA1 /* Avenir.ttc */; };
		0CEEB0971795E0FF00D4D394 /* GLVideoCellGenerator.m in Sources */ = {isa = PBXBuildFile; fileRef = 0CEEB0961795E0FF00D4D394 /* GLVideoCellGenerator.m */; };
		0CEEB09B1795E60400D4D394 /* GLVideoCellDefaultBuilder.m in Sources */ = {isa = PBXBuildFile; fileRef = 0CEEB09A1795E60400D4D394 /* GLVideoCellDefaultBuilder.m */; };
		1FDCC5FC27C24E03ACEE7872 /* libPods.a in Frameworks */ = {isa = PBXBuildFile; fileRef = 04C9E98B28B34CE88C70B04B /* libPods.a */; };
/* End PBXBuildFile section */

/* Begin PBXContainerItemProxy section */
		0C9572301789FB2C0096CC71 /* PBXContainerItemProxy */ = {
			isa = PBXContainerItemProxy;
			containerPortal = 0C9571FD1789FB2C0096CC71 /* Project object */;
			proxyType = 1;
			remoteGlobalIDString = 0C9572041789FB2C0096CC71;
			remoteInfo = GLHFTV;
		};
/* End PBXContainerItemProxy section */

/* Begin PBXFileReference section */
		04C9E98B28B34CE88C70B04B /* libPods.a */ = {isa = PBXFileReference; explicitFileType = archive.ar; includeInIndex = 0; path = libPods.a; sourceTree = BUILT_PRODUCTS_DIR; };
		0C19B0931796212700926B6C /* GLRaceChipView.h */ = {isa = PBXFileReference; fileEncoding = 4; lastKnownFileType = sourcecode.c.h; name = GLRaceChipView.h; path = GLHFTV/GLRaceChipView.h; sourceTree = "<group>"; };
		0C19B0941796212700926B6C /* GLRaceChipView.m */ = {isa = PBXFileReference; fileEncoding = 4; lastKnownFileType = sourcecode.c.objc; name = GLRaceChipView.m; path = GLHFTV/GLRaceChipView.m; sourceTree = "<group>"; };
		0C239058178D094C005205A3 /* MyHTTPConnection.h */ = {isa = PBXFileReference; fileEncoding = 4; lastKnownFileType = sourcecode.c.h; path = MyHTTPConnection.h; sourceTree = "<group>"; };
		0C239059178D094C005205A3 /* MyHTTPConnection.m */ = {isa = PBXFileReference; fileEncoding = 4; lastKnownFileType = sourcecode.c.objc; path = MyHTTPConnection.m; sourceTree = "<group>"; };
		0C23905A178D094C005205A3 /* WebSocketLogger.h */ = {isa = PBXFileReference; fileEncoding = 4; lastKnownFileType = sourcecode.c.h; path = WebSocketLogger.h; sourceTree = "<group>"; };
		0C23905B178D094C005205A3 /* WebSocketLogger.m */ = {isa = PBXFileReference; fileEncoding = 4; lastKnownFileType = sourcecode.c.objc; path = WebSocketLogger.m; sourceTree = "<group>"; };
		0C23905F178D1154005205A3 /* Web */ = {isa = PBXFileReference; lastKnownFileType = folder; path = Web; sourceTree = "<group>"; };
		0C3553A0178DB13800205835 /* GLCustomLogs.h */ = {isa = PBXFileReference; fileEncoding = 4; lastKnownFileType = sourcecode.c.h; path = GLCustomLogs.h; sourceTree = "<group>"; };
		0C3553A4178DECFA00205835 /* Globals.h */ = {isa = PBXFileReference; fileEncoding = 4; lastKnownFileType = sourcecode.c.h; path = Globals.h; sourceTree = "<group>"; };
		0C3553A8178E05BB00205835 /* GLModel.h */ = {isa = PBXFileReference; fileEncoding = 4; lastKnownFileType = sourcecode.c.h; name = GLModel.h; path = GLHFTV/GLModel.h; sourceTree = "<group>"; };
		0C3553A9178E05BB00205835 /* GLModel.m */ = {isa = PBXFileReference; fileEncoding = 4; lastKnownFileType = sourcecode.c.objc; name = GLModel.m; path = GLHFTV/GLModel.m; sourceTree = "<group>"; };
		0C48BFF7178BAA0E00D262FC /* GLColorHelper.h */ = {isa = PBXFileReference; fileEncoding = 4; lastKnownFileType = sourcecode.c.h; name = GLColorHelper.h; path = GLHFTV/GLColorHelper.h; sourceTree = "<group>"; };
		0C48BFF8178BAA0E00D262FC /* GLColorHelper.m */ = {isa = PBXFileReference; fileEncoding = 4; lastKnownFileType = sourcecode.c.objc; name = GLColorHelper.m; path = GLHFTV/GLColorHelper.m; sourceTree = "<group>"; };
		0C9572051789FB2C0096CC71 /* GLHFTV.app */ = {isa = PBXFileReference; explicitFileType = wrapper.application; includeInIndex = 0; path = GLHFTV.app; sourceTree = BUILT_PRODUCTS_DIR; };
		0C9572081789FB2C0096CC71 /* UIKit.framework */ = {isa = PBXFileReference; lastKnownFileType = wrapper.framework; name = UIKit.framework; path = System/Library/Frameworks/UIKit.framework; sourceTree = SDKROOT; };
		0C95720A1789FB2C0096CC71 /* Foundation.framework */ = {isa = PBXFileReference; lastKnownFileType = wrapper.framework; name = Foundation.framework; path = System/Library/Frameworks/Foundation.framework; sourceTree = SDKROOT; };
		0C95720C1789FB2C0096CC71 /* CoreGraphics.framework */ = {isa = PBXFileReference; lastKnownFileType = wrapper.framework; name = CoreGraphics.framework; path = System/Library/Frameworks/CoreGraphics.framework; sourceTree = SDKROOT; };
		0C9572101789FB2C0096CC71 /* GLHFTV-Info.plist */ = {isa = PBXFileReference; lastKnownFileType = text.plist.xml; path = "GLHFTV-Info.plist"; sourceTree = "<group>"; };
		0C9572121789FB2C0096CC71 /* en */ = {isa = PBXFileReference; lastKnownFileType = text.plist.strings; name = en; path = en.lproj/InfoPlist.strings; sourceTree = "<group>"; };
		0C9572141789FB2C0096CC71 /* main.m */ = {isa = PBXFileReference; lastKnownFileType = sourcecode.c.objc; path = main.m; sourceTree = "<group>"; };
		0C9572161789FB2C0096CC71 /* GLHFTV-Prefix.pch */ = {isa = PBXFileReference; lastKnownFileType = sourcecode.c.h; path = "GLHFTV-Prefix.pch"; sourceTree = "<group>"; };
		0C9572171789FB2C0096CC71 /* GLAppDelegate.h */ = {isa = PBXFileReference; lastKnownFileType = sourcecode.c.h; path = GLAppDelegate.h; sourceTree = "<group>"; };
		0C9572181789FB2C0096CC71 /* GLAppDelegate.m */ = {isa = PBXFileReference; lastKnownFileType = sourcecode.c.objc; path = GLAppDelegate.m; sourceTree = "<group>"; };
		0C95721A1789FB2C0096CC71 /* Default.png */ = {isa = PBXFileReference; lastKnownFileType = image.png; path = Default.png; sourceTree = "<group>"; };
		0C95721C1789FB2C0096CC71 /* Default@2x.png */ = {isa = PBXFileReference; lastKnownFileType = image.png; path = "Default@2x.png"; sourceTree = "<group>"; };
		0C95721E1789FB2C0096CC71 /* Default-568h@2x.png */ = {isa = PBXFileReference; lastKnownFileType = image.png; path = "Default-568h@2x.png"; sourceTree = "<group>"; };
		0C95722B1789FB2C0096CC71 /* GLHFTVTests.octest */ = {isa = PBXFileReference; explicitFileType = wrapper.cfbundle; includeInIndex = 0; path = GLHFTVTests.octest; sourceTree = BUILT_PRODUCTS_DIR; };
		0C95722C1789FB2C0096CC71 /* SenTestingKit.framework */ = {isa = PBXFileReference; lastKnownFileType = wrapper.framework; name = SenTestingKit.framework; path = Library/Frameworks/SenTestingKit.framework; sourceTree = DEVELOPER_DIR; };
		0C9572341789FB2C0096CC71 /* GLHFTVTests-Info.plist */ = {isa = PBXFileReference; lastKnownFileType = text.plist.xml; path = "GLHFTVTests-Info.plist"; sourceTree = "<group>"; };
		0C9572361789FB2C0096CC71 /* en */ = {isa = PBXFileReference; lastKnownFileType = text.plist.strings; name = en; path = en.lproj/InfoPlist.strings; sourceTree = "<group>"; };
		0C9572381789FB2C0096CC71 /* GLHFTVTests.h */ = {isa = PBXFileReference; lastKnownFileType = sourcecode.c.h; path = GLHFTVTests.h; sourceTree = "<group>"; };
		0C9572391789FB2C0096CC71 /* GLHFTVTests.m */ = {isa = PBXFileReference; lastKnownFileType = sourcecode.c.objc; path = GLHFTVTests.m; sourceTree = "<group>"; };
		0C957247178A033A0096CC71 /* GLVideosCollectionViewController.h */ = {isa = PBXFileReference; fileEncoding = 4; lastKnownFileType = sourcecode.c.h; name = GLVideosCollectionViewController.h; path = GLHFTV/GLVideosCollectionViewController.h; sourceTree = "<group>"; };
		0C957248178A033A0096CC71 /* GLVideosCollectionViewController.m */ = {isa = PBXFileReference; fileEncoding = 4; lastKnownFileType = sourcecode.c.objc; name = GLVideosCollectionViewController.m; path = GLHFTV/GLVideosCollectionViewController.m; sourceTree = "<group>"; };
		0C95724D178A04F30096CC71 /* GLVideoCollectionViewCell.h */ = {isa = PBXFileReference; fileEncoding = 4; lastKnownFileType = sourcecode.c.h; name = GLVideoCollectionViewCell.h; path = GLHFTV/GLVideoCollectionViewCell.h; sourceTree = "<group>"; };
		0C95724E178A04F30096CC71 /* GLVideoCollectionViewCell.m */ = {isa = PBXFileReference; fileEncoding = 4; lastKnownFileType = sourcecode.c.objc; name = GLVideoCollectionViewCell.m; path = GLHFTV/GLVideoCollectionViewCell.m; sourceTree = "<group>"; };
		0C957251178A085F0096CC71 /* GLDefaultVideoCollectionViewLayout.h */ = {isa = PBXFileReference; fileEncoding = 4; lastKnownFileType = sourcecode.c.h; name = GLDefaultVideoCollectionViewLayout.h; path = GLHFTV/GLDefaultVideoCollectionViewLayout.h; sourceTree = "<group>"; };
		0C957252178A085F0096CC71 /* GLDefaultVideoCollectionViewLayout.m */ = {isa = PBXFileReference; fileEncoding = 4; lastKnownFileType = sourcecode.c.objc; name = GLDefaultVideoCollectionViewLayout.m; path = GLHFTV/GLDefaultVideoCollectionViewLayout.m; sourceTree = "<group>"; };
		0C957254178A0B780096CC71 /* GLVideosCollectionViewController.xib */ = {isa = PBXFileReference; fileEncoding = 4; lastKnownFileType = file.xib; path = GLVideosCollectionViewController.xib; sourceTree = "<group>"; };
		0CA03E6F178CA50F0022B175 /* GLCustomFormatter.h */ = {isa = PBXFileReference; fileEncoding = 4; lastKnownFileType = sourcecode.c.h; name = GLCustomFormatter.h; path = GLHFTV/GLCustomFormatter.h; sourceTree = "<group>"; };
		0CA03E70178CA50F0022B175 /* GLCustomFormatter.m */ = {isa = PBXFileReference; fileEncoding = 4; lastKnownFileType = sourcecode.c.objc; name = GLCustomFormatter.m; path = GLHFTV/GLCustomFormatter.m; sourceTree = "<group>"; };
		0CD30D051795F0D20017CAA1 /* UIView+GCLibrary.h */ = {isa = PBXFileReference; fileEncoding = 4; lastKnownFileType = sourcecode.c.h; path = "UIView+GCLibrary.h"; sourceTree = "<group>"; };
		0CD30D061795F0D20017CAA1 /* UIView+GCLibrary.m */ = {isa = PBXFileReference; fileEncoding = 4; lastKnownFileType = sourcecode.c.objc; path = "UIView+GCLibrary.m"; sourceTree = "<group>"; };
		0CD30D081795F49B0017CAA1 /* GLFontHelper.h */ = {isa = PBXFileReference; fileEncoding = 4; lastKnownFileType = sourcecode.c.h; name = GLFontHelper.h; path = GLHFTV/GLFontHelper.h; sourceTree = "<group>"; };
		0CD30D091795F49B0017CAA1 /* GLFontHelper.m */ = {isa = PBXFileReference; fileEncoding = 4; lastKnownFileType = sourcecode.c.objc; name = GLFontHelper.m; path = GLHFTV/GLFontHelper.m; sourceTree = "<group>"; };
		0CD30D0C1795F8270017CAA1 /* Avenir.ttc */ = {isa = PBXFileReference; lastKnownFileType = file; path = Avenir.ttc; sourceTree = "<group>"; };
		0CEEB0951795E0FF00D4D394 /* GLVideoCellGenerator.h */ = {isa = PBXFileReference; fileEncoding = 4; lastKnownFileType = sourcecode.c.h; name = GLVideoCellGenerator.h; path = GLHFTV/GLVideoCellGenerator.h; sourceTree = "<group>"; };
		0CEEB0961795E0FF00D4D394 /* GLVideoCellGenerator.m */ = {isa = PBXFileReference; fileEncoding = 4; lastKnownFileType = sourcecode.c.objc; name = GLVideoCellGenerator.m; path = GLHFTV/GLVideoCellGenerator.m; sourceTree = "<group>"; };
		0CEEB0991795E60400D4D394 /* GLVideoCellDefaultBuilder.h */ = {isa = PBXFileReference; fileEncoding = 4; lastKnownFileType = sourcecode.c.h; name = GLVideoCellDefaultBuilder.h; path = GLHFTV/GLVideoCellDefaultBuilder.h; sourceTree = "<group>"; };
		0CEEB09A1795E60400D4D394 /* GLVideoCellDefaultBuilder.m */ = {isa = PBXFileReference; fileEncoding = 4; lastKnownFileType = sourcecode.c.objc; name = GLVideoCellDefaultBuilder.m; path = GLHFTV/GLVideoCellDefaultBuilder.m; sourceTree = "<group>"; };
		6F550413250D48D29B4C799E /* Pods/Pods.xcconfig */ = {isa = PBXFileReference; includeInIndex = 1; lastKnownFileType = text.xcconfig; path = Pods/Pods.xcconfig; sourceTree = SOURCE_ROOT; };
/* End PBXFileReference section */

/* Begin PBXFrameworksBuildPhase section */
		0C9572021789FB2C0096CC71 /* Frameworks */ = {
			isa = PBXFrameworksBuildPhase;
			buildActionMask = 2147483647;
			files = (
				0C9572091789FB2C0096CC71 /* UIKit.framework in Frameworks */,
				0C95720B1789FB2C0096CC71 /* Foundation.framework in Frameworks */,
				0C95720D1789FB2C0096CC71 /* CoreGraphics.framework in Frameworks */,
				1FDCC5FC27C24E03ACEE7872 /* libPods.a in Frameworks */,
			);
			runOnlyForDeploymentPostprocessing = 0;
		};
		0C9572271789FB2C0096CC71 /* Frameworks */ = {
			isa = PBXFrameworksBuildPhase;
			buildActionMask = 2147483647;
			files = (
				0C95722D1789FB2C0096CC71 /* SenTestingKit.framework in Frameworks */,
				0C95722E1789FB2C0096CC71 /* UIKit.framework in Frameworks */,
				0C95722F1789FB2C0096CC71 /* Foundation.framework in Frameworks */,
			);
			runOnlyForDeploymentPostprocessing = 0;
		};
/* End PBXFrameworksBuildPhase section */

/* Begin PBXGroup section */
		0C19B092179620F500926B6C /* Chips */ = {
			isa = PBXGroup;
			children = (
				0C19B0931796212700926B6C /* GLRaceChipView.h */,
				0C19B0941796212700926B6C /* GLRaceChipView.m */,
			);
			name = Chips;
			sourceTree = "<group>";
		};
		0C239057178D0920005205A3 /* HTTP */ = {
			isa = PBXGroup;
			children = (
				0C239058178D094C005205A3 /* MyHTTPConnection.h */,
				0C239059178D094C005205A3 /* MyHTTPConnection.m */,
				0C23905A178D094C005205A3 /* WebSocketLogger.h */,
				0C23905B178D094C005205A3 /* WebSocketLogger.m */,
			);
			name = HTTP;
			sourceTree = "<group>";
		};
		0C23905E178D1141005205A3 /* Resources */ = {
			isa = PBXGroup;
			children = (
				0CD30D0B1795F8090017CAA1 /* Fonts */,
				0C23905F178D1154005205A3 /* Web */,
			);
			name = Resources;
			path = ..;
			sourceTree = "<group>";
		};
		0C35539F178DB11400205835 /* Custom Loggers */ = {
			isa = PBXGroup;
			children = (
				0C3553A0178DB13800205835 /* GLCustomLogs.h */,
			);
			name = "Custom Loggers";
			sourceTree = "<group>";
		};
		0C3553A2178DE7DD00205835 /* Text */ = {
			isa = PBXGroup;
			children = (
				0CD30D081795F49B0017CAA1 /* GLFontHelper.h */,
				0CD30D091795F49B0017CAA1 /* GLFontHelper.m */,
			);
			name = Text;
			sourceTree = "<group>";
		};
		0C3553A3178DECE000205835 /* Constants */ = {
			isa = PBXGroup;
			children = (
				0C3553A4178DECFA00205835 /* Globals.h */,
			);
			name = Constants;
			sourceTree = "<group>";
		};
		0C3553A6178E058200205835 /* Data */ = {
			isa = PBXGroup;
			children = (
				0C3553A7178E058900205835 /* Model */,
			);
			name = Data;
			sourceTree = "<group>";
		};
		0C3553A7178E058900205835 /* Model */ = {
			isa = PBXGroup;
			children = (
				0C3553A8178E05BB00205835 /* GLModel.h */,
				0C3553A9178E05BB00205835 /* GLModel.m */,
			);
			name = Model;
			sourceTree = "<group>";
		};
		0C48BFF5178BA89700D262FC /* Helpers */ = {
			isa = PBXGroup;
			children = (
				0CD30D041795F0C50017CAA1 /* Views */,
				0C3553A3178DECE000205835 /* Constants */,
				0C3553A2178DE7DD00205835 /* Text */,
				0C48BFF6178BA9F200D262FC /* Colors */,
			);
			name = Helpers;
			sourceTree = "<group>";
		};
		0C48BFF6178BA9F200D262FC /* Colors */ = {
			isa = PBXGroup;
			children = (
				0C48BFF7178BAA0E00D262FC /* GLColorHelper.h */,
				0C48BFF8178BAA0E00D262FC /* GLColorHelper.m */,
			);
			name = Colors;
			sourceTree = "<group>";
		};
		0C9571FC1789FB2C0096CC71 = {
			isa = PBXGroup;
			children = (
				0C95720E1789FB2C0096CC71 /* GLHFTV */,
				0C9572321789FB2C0096CC71 /* GLHFTVTests */,
				0C9572071789FB2C0096CC71 /* Frameworks */,
				0C9572061789FB2C0096CC71 /* Products */,
				6F550413250D48D29B4C799E /* Pods/Pods.xcconfig */,
			);
			sourceTree = "<group>";
		};
		0C9572061789FB2C0096CC71 /* Products */ = {
			isa = PBXGroup;
			children = (
				0C9572051789FB2C0096CC71 /* GLHFTV.app */,
				0C95722B1789FB2C0096CC71 /* GLHFTVTests.octest */,
			);
			name = Products;
			sourceTree = "<group>";
		};
		0C9572071789FB2C0096CC71 /* Frameworks */ = {
			isa = PBXGroup;
			children = (
				0C9572081789FB2C0096CC71 /* UIKit.framework */,
				0C95720A1789FB2C0096CC71 /* Foundation.framework */,
				0C95720C1789FB2C0096CC71 /* CoreGraphics.framework */,
				0C95722C1789FB2C0096CC71 /* SenTestingKit.framework */,
				04C9E98B28B34CE88C70B04B /* libPods.a */,
			);
			name = Frameworks;
			sourceTree = "<group>";
		};
		0C95720E1789FB2C0096CC71 /* GLHFTV */ = {
			isa = PBXGroup;
			children = (
				0C3553A6178E058200205835 /* Data */,
				0CA03E6D178CA4E90022B175 /* Log */,
				0C48BFF5178BA89700D262FC /* Helpers */,
				0C957250178A081D0096CC71 /* Layouts */,
				0C95724A178A04AD0096CC71 /* Views */,
				0C957243178A02A80096CC71 /* View Controllers */,
				0C9572171789FB2C0096CC71 /* GLAppDelegate.h */,
				0C9572181789FB2C0096CC71 /* GLAppDelegate.m */,
				0C95720F1789FB2C0096CC71 /* Supporting Files */,
				0C23905E178D1141005205A3 /* Resources */,
			);
			path = GLHFTV;
			sourceTree = "<group>";
		};
		0C95720F1789FB2C0096CC71 /* Supporting Files */ = {
			isa = PBXGroup;
			children = (
				0C9572101789FB2C0096CC71 /* GLHFTV-Info.plist */,
				0C9572111789FB2C0096CC71 /* InfoPlist.strings */,
				0C9572141789FB2C0096CC71 /* main.m */,
				0C9572161789FB2C0096CC71 /* GLHFTV-Prefix.pch */,
				0C95721A1789FB2C0096CC71 /* Default.png */,
				0C95721C1789FB2C0096CC71 /* Default@2x.png */,
				0C95721E1789FB2C0096CC71 /* Default-568h@2x.png */,
			);
			name = "Supporting Files";
			sourceTree = "<group>";
		};
		0C9572321789FB2C0096CC71 /* GLHFTVTests */ = {
			isa = PBXGroup;
			children = (
				0C9572381789FB2C0096CC71 /* GLHFTVTests.h */,
				0C9572391789FB2C0096CC71 /* GLHFTVTests.m */,
				0C9572331789FB2C0096CC71 /* Supporting Files */,
			);
			path = GLHFTVTests;
			sourceTree = "<group>";
		};
		0C9572331789FB2C0096CC71 /* Supporting Files */ = {
			isa = PBXGroup;
			children = (
				0C9572341789FB2C0096CC71 /* GLHFTVTests-Info.plist */,
				0C9572351789FB2C0096CC71 /* InfoPlist.strings */,
			);
			name = "Supporting Files";
			sourceTree = "<group>";
		};
		0C957243178A02A80096CC71 /* View Controllers */ = {
			isa = PBXGroup;
			children = (
				0C957254178A0B780096CC71 /* GLVideosCollectionViewController.xib */,
				0C957247178A033A0096CC71 /* GLVideosCollectionViewController.h */,
				0C957248178A033A0096CC71 /* GLVideosCollectionViewController.m */,
			);
			name = "View Controllers";
			sourceTree = "<group>";
		};
		0C95724A178A04AD0096CC71 /* Views */ = {
			isa = PBXGroup;
			children = (
				0C19B092179620F500926B6C /* Chips */,
				0C95724C178A04C40096CC71 /* Cells */,
			);
			name = Views;
			sourceTree = "<group>";
		};
		0C95724B178A04B40096CC71 /* CollectionViewCells */ = {
			isa = PBXGroup;
			children = (
				0CEEB0981795E5CF00D4D394 /* Builders */,
				0CEEB0941795E04F00D4D394 /* Generators */,
				0C95724D178A04F30096CC71 /* GLVideoCollectionViewCell.h */,
				0C95724E178A04F30096CC71 /* GLVideoCollectionViewCell.m */,
			);
			name = CollectionViewCells;
			sourceTree = "<group>";
		};
		0C95724C178A04C40096CC71 /* Cells */ = {
			isa = PBXGroup;
			children = (
				0C95724B178A04B40096CC71 /* CollectionViewCells */,
			);
			name = Cells;
			sourceTree = "<group>";
		};
		0C957250178A081D0096CC71 /* Layouts */ = {
			isa = PBXGroup;
			children = (
				0C957251178A085F0096CC71 /* GLDefaultVideoCollectionViewLayout.h */,
				0C957252178A085F0096CC71 /* GLDefaultVideoCollectionViewLayout.m */,
			);
			name = Layouts;
			sourceTree = "<group>";
		};
		0CA03E6D178CA4E90022B175 /* Log */ = {
			isa = PBXGroup;
			children = (
				0C35539F178DB11400205835 /* Custom Loggers */,
				0C239057178D0920005205A3 /* HTTP */,
				0CA03E6E178CA4F50022B175 /* Formatters */,
			);
			name = Log;
			sourceTree = "<group>";
		};
		0CA03E6E178CA4F50022B175 /* Formatters */ = {
			isa = PBXGroup;
			children = (
				0CA03E6F178CA50F0022B175 /* GLCustomFormatter.h */,
				0CA03E70178CA50F0022B175 /* GLCustomFormatter.m */,
			);
			name = Formatters;
			sourceTree = "<group>";
		};
		0CD30D041795F0C50017CAA1 /* Views */ = {
			isa = PBXGroup;
			children = (
				0CD30D051795F0D20017CAA1 /* UIView+GCLibrary.h */,
				0CD30D061795F0D20017CAA1 /* UIView+GCLibrary.m */,
			);
			name = Views;
			sourceTree = "<group>";
		};
		0CD30D0B1795F8090017CAA1 /* Fonts */ = {
			isa = PBXGroup;
			children = (
				0CD30D0C1795F8270017CAA1 /* Avenir.ttc */,
			);
			name = Fonts;
			sourceTree = "<group>";
		};
		0CEEB0941795E04F00D4D394 /* Generators */ = {
			isa = PBXGroup;
			children = (
				0CEEB0951795E0FF00D4D394 /* GLVideoCellGenerator.h */,
				0CEEB0961795E0FF00D4D394 /* GLVideoCellGenerator.m */,
			);
			name = Generators;
			sourceTree = "<group>";
		};
		0CEEB0981795E5CF00D4D394 /* Builders */ = {
			isa = PBXGroup;
			children = (
				0CEEB0991795E60400D4D394 /* GLVideoCellDefaultBuilder.h */,
				0CEEB09A1795E60400D4D394 /* GLVideoCellDefaultBuilder.m */,
			);
			name = Builders;
			sourceTree = "<group>";
		};
/* End PBXGroup section */

/* Begin PBXNativeTarget section */
		0C9572041789FB2C0096CC71 /* GLHFTV */ = {
			isa = PBXNativeTarget;
			buildConfigurationList = 0C95723D1789FB2C0096CC71 /* Build configuration list for PBXNativeTarget "GLHFTV" */;
			buildPhases = (
				7548E620D8FC4BDAB17E8139 /* Check Pods Manifest.lock */,
				0C9572011789FB2C0096CC71 /* Sources */,
				0C9572021789FB2C0096CC71 /* Frameworks */,
				0C9572031789FB2C0096CC71 /* Resources */,
				E9F04A3D264B40AFA4EC1709 /* Copy Pods Resources */,
			);
			buildRules = (
			);
			dependencies = (
			);
			name = GLHFTV;
			productName = GLHFTV;
			productReference = 0C9572051789FB2C0096CC71 /* GLHFTV.app */;
			productType = "com.apple.product-type.application";
		};
		0C95722A1789FB2C0096CC71 /* GLHFTVTests */ = {
			isa = PBXNativeTarget;
			buildConfigurationList = 0C9572401789FB2C0096CC71 /* Build configuration list for PBXNativeTarget "GLHFTVTests" */;
			buildPhases = (
				0C9572261789FB2C0096CC71 /* Sources */,
				0C9572271789FB2C0096CC71 /* Frameworks */,
				0C9572281789FB2C0096CC71 /* Resources */,
				0C9572291789FB2C0096CC71 /* ShellScript */,
			);
			buildRules = (
			);
			dependencies = (
				0C9572311789FB2C0096CC71 /* PBXTargetDependency */,
			);
			name = GLHFTVTests;
			productName = GLHFTVTests;
			productReference = 0C95722B1789FB2C0096CC71 /* GLHFTVTests.octest */;
			productType = "com.apple.product-type.bundle";
		};
/* End PBXNativeTarget section */

/* Begin PBXProject section */
		0C9571FD1789FB2C0096CC71 /* Project object */ = {
			isa = PBXProject;
			attributes = {
				CLASSPREFIX = GL;
				LastUpgradeCheck = 0460;
				ORGANIZATIONNAME = 23bit;
			};
			buildConfigurationList = 0C9572001789FB2C0096CC71 /* Build configuration list for PBXProject "GLHFTV" */;
			compatibilityVersion = "Xcode 3.2";
			developmentRegion = English;
			hasScannedForEncodings = 0;
			knownRegions = (
				en,
			);
			mainGroup = 0C9571FC1789FB2C0096CC71;
			productRefGroup = 0C9572061789FB2C0096CC71 /* Products */;
			projectDirPath = "";
			projectRoot = "";
			targets = (
				0C9572041789FB2C0096CC71 /* GLHFTV */,
				0C95722A1789FB2C0096CC71 /* GLHFTVTests */,
			);
		};
/* End PBXProject section */

/* Begin PBXResourcesBuildPhase section */
		0C9572031789FB2C0096CC71 /* Resources */ = {
			isa = PBXResourcesBuildPhase;
			buildActionMask = 2147483647;
			files = (
				0C9572131789FB2C0096CC71 /* InfoPlist.strings in Resources */,
				0C95721B1789FB2C0096CC71 /* Default.png in Resources */,
				0C95721D1789FB2C0096CC71 /* Default@2x.png in Resources */,
				0C95721F1789FB2C0096CC71 /* Default-568h@2x.png in Resources */,
				0C957255178A0B780096CC71 /* GLVideosCollectionViewController.xib in Resources */,
				0C239060178D1154005205A3 /* Web in Resources */,
				0CD30D0D1795F8270017CAA1 /* Avenir.ttc in Resources */,
			);
			runOnlyForDeploymentPostprocessing = 0;
		};
		0C9572281789FB2C0096CC71 /* Resources */ = {
			isa = PBXResourcesBuildPhase;
			buildActionMask = 2147483647;
			files = (
				0C9572371789FB2C0096CC71 /* InfoPlist.strings in Resources */,
			);
			runOnlyForDeploymentPostprocessing = 0;
		};
/* End PBXResourcesBuildPhase section */

/* Begin PBXShellScriptBuildPhase section */
		0C9572291789FB2C0096CC71 /* ShellScript */ = {
			isa = PBXShellScriptBuildPhase;
			buildActionMask = 2147483647;
			files = (
			);
			inputPaths = (
			);
			outputPaths = (
			);
			runOnlyForDeploymentPostprocessing = 0;
			shellPath = /bin/sh;
			shellScript = "# Run the unit tests in this test bundle.\n\"${SYSTEM_DEVELOPER_DIR}/Tools/RunUnitTests\"\n";
		};
		7548E620D8FC4BDAB17E8139 /* Check Pods Manifest.lock */ = {
			isa = PBXShellScriptBuildPhase;
			buildActionMask = 2147483647;
			files = (
			);
			inputPaths = (
			);
			name = "Check Pods Manifest.lock";
			outputPaths = (
			);
			runOnlyForDeploymentPostprocessing = 0;
			shellPath = /bin/sh;
			shellScript = "diff \"${PODS_ROOT}/../Podfile.lock\" \"${PODS_ROOT}/Manifest.lock\" > /dev/null\nif [[ $? != 0 ]] ; then\n    cat << EOM\nerror: The sandbox is not in sync with the Podfile.lock. Run 'pod install' or update your CocoaPods installation.\nEOM\n    exit 1\nfi\n";
			showEnvVarsInLog = 0;
		};
		E9F04A3D264B40AFA4EC1709 /* Copy Pods Resources */ = {
			isa = PBXShellScriptBuildPhase;
			buildActionMask = 2147483647;
			files = (
			);
			inputPaths = (
			);
			name = "Copy Pods Resources";
			outputPaths = (
			);
			runOnlyForDeploymentPostprocessing = 0;
			shellPath = /bin/sh;
			shellScript = "\"${SRCROOT}/Pods/Pods-resources.sh\"\n";
			showEnvVarsInLog = 0;
		};
/* End PBXShellScriptBuildPhase section */

/* Begin PBXSourcesBuildPhase section */
		0C9572011789FB2C0096CC71 /* Sources */ = {
			isa = PBXSourcesBuildPhase;
			buildActionMask = 2147483647;
			files = (
				0C3553A5178DED1F00205835 /* Globals.h in Sources */,
				0C3553A1178DB28C00205835 /* GLCustomLogs.h in Sources */,
				0C9572151789FB2C0096CC71 /* main.m in Sources */,
				0C9572191789FB2C0096CC71 /* GLAppDelegate.m in Sources */,
				0C957249178A033A0096CC71 /* GLVideosCollectionViewController.m in Sources */,
				0C95724F178A04F30096CC71 /* GLVideoCollectionViewCell.m in Sources */,
				0C957253178A085F0096CC71 /* GLDefaultVideoCollectionViewLayout.m in Sources */,
				0C48BFF9178BAA0E00D262FC /* GLColorHelper.m in Sources */,
				0CA03E71178CA50F0022B175 /* GLCustomFormatter.m in Sources */,
				0C23905C178D094C005205A3 /* MyHTTPConnection.m in Sources */,
				0C23905D178D094C005205A3 /* WebSocketLogger.m in Sources */,
				0C3553AA178E05BB00205835 /* GLModel.m in Sources */,
				0CEEB0971795E0FF00D4D394 /* GLVideoCellGenerator.m in Sources */,
				0CEEB09B1795E60400D4D394 /* GLVideoCellDefaultBuilder.m in Sources */,
				0CD30D071795F0D20017CAA1 /* UIView+GCLibrary.m in Sources */,
				0CD30D0A1795F49B0017CAA1 /* GLFontHelper.m in Sources */,
				0C19B0951796212700926B6C /* GLRaceChipView.m in Sources */,
			);
			runOnlyForDeploymentPostprocessing = 0;
		};
		0C9572261789FB2C0096CC71 /* Sources */ = {
			isa = PBXSourcesBuildPhase;
			buildActionMask = 2147483647;
			files = (
				0C95723A1789FB2C0096CC71 /* GLHFTVTests.m in Sources */,
			);
			runOnlyForDeploymentPostprocessing = 0;
		};
/* End PBXSourcesBuildPhase section */

/* Begin PBXTargetDependency section */
		0C9572311789FB2C0096CC71 /* PBXTargetDependency */ = {
			isa = PBXTargetDependency;
			target = 0C9572041789FB2C0096CC71 /* GLHFTV */;
			targetProxy = 0C9572301789FB2C0096CC71 /* PBXContainerItemProxy */;
		};
/* End PBXTargetDependency section */

/* Begin PBXVariantGroup section */
		0C9572111789FB2C0096CC71 /* InfoPlist.strings */ = {
			isa = PBXVariantGroup;
			children = (
				0C9572121789FB2C0096CC71 /* en */,
			);
			name = InfoPlist.strings;
			sourceTree = "<group>";
		};
		0C9572351789FB2C0096CC71 /* InfoPlist.strings */ = {
			isa = PBXVariantGroup;
			children = (
				0C9572361789FB2C0096CC71 /* en */,
			);
			name = InfoPlist.strings;
			sourceTree = "<group>";
		};
/* End PBXVariantGroup section */

/* Begin XCBuildConfiguration section */
		0C95723B1789FB2C0096CC71 /* Debug */ = {
			isa = XCBuildConfiguration;
			buildSettings = {
				ALWAYS_SEARCH_USER_PATHS = NO;
				CLANG_CXX_LANGUAGE_STANDARD = "gnu++0x";
				CLANG_CXX_LIBRARY = "libc++";
				CLANG_ENABLE_OBJC_ARC = YES;
				CLANG_WARN_CONSTANT_CONVERSION = YES;
				CLANG_WARN_EMPTY_BODY = YES;
				CLANG_WARN_ENUM_CONVERSION = YES;
				CLANG_WARN_INT_CONVERSION = YES;
				CLANG_WARN__DUPLICATE_METHOD_MATCH = YES;
				"CODE_SIGN_IDENTITY[sdk=iphoneos*]" = "iPhone Developer";
				COPY_PHASE_STRIP = NO;
				GCC_C_LANGUAGE_STANDARD = gnu99;
				GCC_DYNAMIC_NO_PIC = NO;
				GCC_OPTIMIZATION_LEVEL = 0;
				GCC_PREPROCESSOR_DEFINITIONS = (
					"DEBUG=1",
					"$(inherited)",
				);
				GCC_SYMBOLS_PRIVATE_EXTERN = NO;
				GCC_WARN_ABOUT_RETURN_TYPE = YES;
				GCC_WARN_UNINITIALIZED_AUTOS = YES;
				GCC_WARN_UNUSED_VARIABLE = YES;
				IPHONEOS_DEPLOYMENT_TARGET = 6.1;
				ONLY_ACTIVE_ARCH = YES;
				SDKROOT = iphoneos;
			};
			name = Debug;
		};
		0C95723C1789FB2C0096CC71 /* Release */ = {
			isa = XCBuildConfiguration;
			buildSettings = {
				ALWAYS_SEARCH_USER_PATHS = NO;
				CLANG_CXX_LANGUAGE_STANDARD = "gnu++0x";
				CLANG_CXX_LIBRARY = "libc++";
				CLANG_ENABLE_OBJC_ARC = YES;
				CLANG_WARN_CONSTANT_CONVERSION = YES;
				CLANG_WARN_EMPTY_BODY = YES;
				CLANG_WARN_ENUM_CONVERSION = YES;
				CLANG_WARN_INT_CONVERSION = YES;
				CLANG_WARN__DUPLICATE_METHOD_MATCH = YES;
				"CODE_SIGN_IDENTITY[sdk=iphoneos*]" = "iPhone Developer";
				COPY_PHASE_STRIP = YES;
				GCC_C_LANGUAGE_STANDARD = gnu99;
				GCC_WARN_ABOUT_RETURN_TYPE = YES;
				GCC_WARN_UNINITIALIZED_AUTOS = YES;
				GCC_WARN_UNUSED_VARIABLE = YES;
				IPHONEOS_DEPLOYMENT_TARGET = 6.1;
				OTHER_CFLAGS = "-DNS_BLOCK_ASSERTIONS=1";
				SDKROOT = iphoneos;
				VALIDATE_PRODUCT = YES;
			};
			name = Release;
		};
		0C95723E1789FB2C0096CC71 /* Debug */ = {
			isa = XCBuildConfiguration;
			baseConfigurationReference = 6F550413250D48D29B4C799E /* Pods/Pods.xcconfig */;
			buildSettings = {
				GCC_PRECOMPILE_PREFIX_HEADER = YES;
				GCC_PREFIX_HEADER = "GLHFTV/GLHFTV-Prefix.pch";
				INFOPLIST_FILE = "GLHFTV/GLHFTV-Info.plist";
				PRODUCT_NAME = "$(TARGET_NAME)";
				WRAPPER_EXTENSION = app;
			};
			name = Debug;
		};
		0C95723F1789FB2C0096CC71 /* Release */ = {
			isa = XCBuildConfiguration;
			baseConfigurationReference = 6F550413250D48D29B4C799E /* Pods/Pods.xcconfig */;
			buildSettings = {
				GCC_PRECOMPILE_PREFIX_HEADER = YES;
				GCC_PREFIX_HEADER = "GLHFTV/GLHFTV-Prefix.pch";
				INFOPLIST_FILE = "GLHFTV/GLHFTV-Info.plist";
				PRODUCT_NAME = "$(TARGET_NAME)";
				WRAPPER_EXTENSION = app;
			};
			name = Release;
		};
		0C9572411789FB2C0096CC71 /* Debug */ = {
			isa = XCBuildConfiguration;
			buildSettings = {
				BUNDLE_LOADER = "$(BUILT_PRODUCTS_DIR)/GLHFTV.app/GLHFTV";
				FRAMEWORK_SEARCH_PATHS = (
					"\"$(SDKROOT)/Developer/Library/Frameworks\"",
					"\"$(DEVELOPER_LIBRARY_DIR)/Frameworks\"",
				);
				GCC_PRECOMPILE_PREFIX_HEADER = YES;
				GCC_PREFIX_HEADER = "GLHFTV/GLHFTV-Prefix.pch";
				INFOPLIST_FILE = "GLHFTVTests/GLHFTVTests-Info.plist";
				PRODUCT_NAME = "$(TARGET_NAME)";
				TEST_HOST = "$(BUNDLE_LOADER)";
				WRAPPER_EXTENSION = octest;
			};
			name = Debug;
		};
		0C9572421789FB2C0096CC71 /* Release */ = {
			isa = XCBuildConfiguration;
			buildSettings = {
				BUNDLE_LOADER = "$(BUILT_PRODUCTS_DIR)/GLHFTV.app/GLHFTV";
				FRAMEWORK_SEARCH_PATHS = (
					"\"$(SDKROOT)/Developer/Library/Frameworks\"",
					"\"$(DEVELOPER_LIBRARY_DIR)/Frameworks\"",
				);
				GCC_PRECOMPILE_PREFIX_HEADER = YES;
				GCC_PREFIX_HEADER = "GLHFTV/GLHFTV-Prefix.pch";
				INFOPLIST_FILE = "GLHFTVTests/GLHFTVTests-Info.plist";
				PRODUCT_NAME = "$(TARGET_NAME)";
				TEST_HOST = "$(BUNDLE_LOADER)";
				WRAPPER_EXTENSION = octest;
			};
			name = Release;
		};
/* End XCBuildConfiguration section */

/* Begin XCConfigurationList section */
		0C9572001789FB2C0096CC71 /* Build configuration list for PBXProject "GLHFTV" */ = {
			isa = XCConfigurationList;
			buildConfigurations = (
				0C95723B1789FB2C0096CC71 /* Debug */,
				0C95723C1789FB2C0096CC71 /* Release */,
			);
			defaultConfigurationIsVisible = 0;
			defaultConfigurationName = Release;
		};
		0C95723D1789FB2C0096CC71 /* Build configuration list for PBXNativeTarget "GLHFTV" */ = {
			isa = XCConfigurationList;
			buildConfigurations = (
				0C95723E1789FB2C0096CC71 /* Debug */,
				0C95723F1789FB2C0096CC71 /* Release */,
			);
			defaultConfigurationIsVisible = 0;
			defaultConfigurationName = Release;
		};
		0C9572401789FB2C0096CC71 /* Build configuration list for PBXNativeTarget "GLHFTVTests" */ = {
			isa = XCConfigurationList;
			buildConfigurations = (
				0C9572411789FB2C0096CC71 /* Debug */,
				0C9572421789FB2C0096CC71 /* Release */,
			);
			defaultConfigurationIsVisible = 0;
			defaultConfigurationName = Release;
		};
/* End XCConfigurationList section */
	};
	rootObject = 0C9571FD1789FB2C0096CC71 /* Project object */;
}
